<?xml version="1.0" encoding="UTF-8"?>
<Scheme
   version = "1.3">
   <BuildAction>
      <BuildActionEntries>
         <BuildActionEntry
            buildForRunning = "YES">
            <BuildableReference
               BuildableIdentifier = "primary"
               BlueprintIdentifier = "6E6B59B6FE5F8C1AFA3AFC6F"
               BuildableName = "AutoSizing.app"
               BlueprintName = "AutoSizing"
               ReferencedContainer = "container:AutoSizing.xcodeproj">
            </BuildableReference>
         </BuildActionEntry>
      </BuildActionEntries>
   </BuildAction>
   <LaunchAction
      useCustomWorkingDirectory = "NO"
      buildConfiguration = "Debug">
      <BuildableProductRunnable>
         <BuildableReference
            BuildableIdentifier = "primary"
            BlueprintIdentifier = "6E6B59B6FE5F8C1AFA3AFC6F"
            BuildableName = "AutoSizing.app"
            BlueprintName = "AutoSizing"
            ReferencedContainer = "container:AutoSizing.xcodeproj">
         </BuildableReference>
      </BuildableProductRunnable>
   </LaunchAction>
</Scheme>
